{
  "name": "boilerplate-esm-bun",
  "lockfileVersion": 3,
  "requires": true,
  "packages": {
    "": {
      "name": "boilerplate-esm-bun",
      "dependencies": {
        "crypto-js": "^4.2.0",
        "dayjs": "^1.11.13"
      },
      "devDependencies": {
        "@types/bun": "latest",
        "@types/crypto-js": "^4.2.2",
        "bun-types": "^1.1.29",
        "prettier": "^3.3.3"
      },
      "peerDependencies": {
        "typescript": "^5.4.5"
      }
    },
    "node_modules/@types/bun": {
      "version": "1.1.10",
      "resolved": "https://registry.npmjs.org/@types/bun/-/bun-1.1.10.tgz",
      "integrity": "sha512-76KYVSwrHwr9zsnk6oLXOGs9KvyBg3U066GLO4rk6JZk1ypEPGCUDZ5yOiESyIHWs9cx9iC8r01utYN32XdmgA==",
      "dev": true,
      "license": "MIT",
      "dependencies": {
        "bun-types": "1.1.29"
      }
    },
    "node_modules/@types/crypto-js": {
      "version": "4.2.2",
      "dev": true,
      "license": "MIT"
    },
    "node_modules/@types/node": {
      "version": "20.12.14",
      "dev": true,
      "license": "MIT",
      "dependencies": {
        "undici-types": "~5.26.4"
      }
    },
    "node_modules/@types/ws": {
      "version": "8.5.10",
      "dev": true,
      "license": "MIT",
      "dependencies": {
        "@types/node": "*"
      }
    },
    "node_modules/@types/ws/node_modules/@types/node": {
      "version": "20.11.30",
      "dev": true,
      "license": "MIT",
      "dependencies": {
        "undici-types": "~5.26.4"
      }
    },
    "node_modules/bun-types": {
      "version": "1.1.29",
      "dev": true,
      "license": "MIT",
      "dependencies": {
        "@types/node": "~20.12.8",
        "@types/ws": "~8.5.10"
      }
    },
    "node_modules/crypto-js": {
      "version": "4.2.0",
      "license": "MIT"
    },
    "node_modules/dayjs": {
      "version": "1.11.13",
      "license": "MIT"
    },
    "node_modules/prettier": {
      "version": "3.3.3",
      "dev": true,
      "license": "MIT",
      "bin": {
        "prettier": "bin/prettier.cjs"
      },
      "engines": {
        "node": ">=14"
      },
      "funding": {
        "url": "https://github.com/prettier/prettier?sponsor=1"
      }
    },
    "node_modules/typescript": {
      "version": "5.4.5",
      "license": "Apache-2.0",
      "peer": true,
      "bin": {
        "tsc": "bin/tsc",
        "tsserver": "bin/tsserver"
      },
      "engines": {
        "node": ">=14.17"
      }
    },
    "node_modules/undici-types": {
      "version": "5.26.5",
      "dev": true,
      "license": "MIT"
    }
  }
}
